// !$*UTF8*$!
{
	archiveVersion = 1;
	classes = {
	};
	objectVersion = 48;
	objects = {

/* Begin PBXBuildFile section */
		8BF7872D20DCF80000D3D489 /* FBSDKCoreKit.framework in Frameworks */ = {isa = PBXBuildFile; fileRef = 8BF7872920DCF7FE00D3D489 /* FBSDKCoreKit.framework */; };
		8BF7872E20DCF80000D3D489 /* Bolts.framework in Frameworks */ = {isa = PBXBuildFile; fileRef = 8BF7872A20DCF7FE00D3D489 /* Bolts.framework */; };
		8BF7872F20DCF80000D3D489 /* FBSDKShareKit.framework in Frameworks */ = {isa = PBXBuildFile; fileRef = 8BF7872B20DCF80000D3D489 /* FBSDKShareKit.framework */; };
		8BF7873020DCF80000D3D489 /* FBSDKLoginKit.framework in Frameworks */ = {isa = PBXBuildFile; fileRef = 8BF7872C20DCF80000D3D489 /* FBSDKLoginKit.framework */; };
		8BFE258E20DCD9D300CAC8D3 /* AppDelegate.m in Sources */ = {isa = PBXBuildFile; fileRef = 8BFE258D20DCD9D300CAC8D3 /* AppDelegate.m */; };
		8BFE259120DCD9D300CAC8D3 /* ViewController.m in Sources */ = {isa = PBXBuildFile; fileRef = 8BFE259020DCD9D300CAC8D3 /* ViewController.m */; };
		8BFE259420DCD9D300CAC8D3 /* Main.storyboard in Resources */ = {isa = PBXBuildFile; fileRef = 8BFE259220DCD9D300CAC8D3 /* Main.storyboard */; };
		8BFE259620DCD9D400CAC8D3 /* Assets.xcassets in Resources */ = {isa = PBXBuildFile; fileRef = 8BFE259520DCD9D400CAC8D3 /* Assets.xcassets */; };
		8BFE259920DCD9D400CAC8D3 /* LaunchScreen.storyboard in Resources */ = {isa = PBXBuildFile; fileRef = 8BFE259720DCD9D400CAC8D3 /* LaunchScreen.storyboard */; };
		8BFE259C20DCD9D400CAC8D3 /* main.m in Sources */ = {isa = PBXBuildFile; fileRef = 8BFE259B20DCD9D400CAC8D3 /* main.m */; };
/* End PBXBuildFile section */

/* Begin PBXFileReference section */
		8BF7872920DCF7FE00D3D489 /* FBSDKCoreKit.framework */ = {isa = PBXFileReference; lastKnownFileType = wrapper.framework; path = FBSDKCoreKit.framework; sourceTree = "<group>"; };
		8BF7872A20DCF7FE00D3D489 /* Bolts.framework */ = {isa = PBXFileReference; lastKnownFileType = wrapper.framework; path = Bolts.framework; sourceTree = "<group>"; };
		8BF7872B20DCF80000D3D489 /* FBSDKShareKit.framework */ = {isa = PBXFileReference; lastKnownFileType = wrapper.framework; path = FBSDKShareKit.framework; sourceTree = "<group>"; };
		8BF7872C20DCF80000D3D489 /* FBSDKLoginKit.framework */ = {isa = PBXFileReference; lastKnownFileType = wrapper.framework; path = FBSDKLoginKit.framework; sourceTree = "<group>"; };
		8BFE258920DCD9D300CAC8D3 /* FacebookExapmple.app */ = {isa = PBXFileReference; explicitFileType = wrapper.application; includeInIndex = 0; path = FacebookExapmple.app; sourceTree = BUILT_PRODUCTS_DIR; };
		8BFE258C20DCD9D300CAC8D3 /* AppDelegate.h */ = {isa = PBXFileReference; lastKnownFileType = sourcecode.c.h; path = AppDelegate.h; sourceTree = "<group>"; };
		8BFE258D20DCD9D300CAC8D3 /* AppDelegate.m */ = {isa = PBXFileReference; lastKnownFileType = sourcecode.c.objc; path = AppDelegate.m; sourceTree = "<group>"; };
		8BFE258F20DCD9D300CAC8D3 /* ViewController.h */ = {isa = PBXFileReference; lastKnownFileType = sourcecode.c.h; path = ViewController.h; sourceTree = "<group>"; };
		8BFE259020DCD9D300CAC8D3 /* ViewController.m */ = {isa = PBXFileReference; lastKnownFileType = sourcecode.c.objc; path = ViewController.m; sourceTree = "<group>"; };
		8BFE259320DCD9D300CAC8D3 /* Base */ = {isa = PBXFileReference; lastKnownFileType = file.storyboard; name = Base; path = Base.lproj/Main.storyboard; sourceTree = "<group>"; };
		8BFE259520DCD9D400CAC8D3 /* Assets.xcassets */ = {isa = PBXFileReference; lastKnownFileType = folder.assetcatalog; path = Assets.xcassets; sourceTree = "<group>"; };
		8BFE259820DCD9D400CAC8D3 /* Base */ = {isa = PBXFileReference; lastKnownFileType = file.storyboard; name = Base; path = Base.lproj/LaunchScreen.storyboard; sourceTree = "<group>"; };
		8BFE259A20DCD9D400CAC8D3 /* Info.plist */ = {isa = PBXFileReference; lastKnownFileType = text.plist.xml; path = Info.plist; sourceTree = "<group>"; };
		8BFE259B20DCD9D400CAC8D3 /* main.m */ = {isa = PBXFileReference; lastKnownFileType = sourcecode.c.objc; path = main.m; sourceTree = "<group>"; };
/* End PBXFileReference section */

/* Begin PBXFrameworksBuildPhase section */
		8BFE258620DCD9D300CAC8D3 /* Frameworks */ = {
			isa = PBXFrameworksBuildPhase;
			buildActionMask = 2147483647;
			files = (
				8BF7872D20DCF80000D3D489 /* FBSDKCoreKit.framework in Frameworks */,
				8BF7872E20DCF80000D3D489 /* Bolts.framework in Frameworks */,
				8BF7873020DCF80000D3D489 /* FBSDKLoginKit.framework in Frameworks */,
				8BF7872F20DCF80000D3D489 /* FBSDKShareKit.framework in Frameworks */,
			);
			runOnlyForDeploymentPostprocessing = 0;
		};
/* End PBXFrameworksBuildPhase section */

/* Begin PBXGroup section */
		8BF7872820DCF7EA00D3D489 /* Frameworks */ = {
			isa = PBXGroup;
			children = (
				8BF7872A20DCF7FE00D3D489 /* Bolts.framework */,
				8BF7872920DCF7FE00D3D489 /* FBSDKCoreKit.framework */,
				8BF7872C20DCF80000D3D489 /* FBSDKLoginKit.framework */,
				8BF7872B20DCF80000D3D489 /* FBSDKShareKit.framework */,
			);
			path = Frameworks;
			sourceTree = "<group>";
		};
		8BFE258020DCD9D300CAC8D3 = {
			isa = PBXGroup;
			children = (
				8BFE258B20DCD9D300CAC8D3 /* FacebookExapmple */,
				8BFE258A20DCD9D300CAC8D3 /* Products */,
			);
			sourceTree = "<group>";
		};
		8BFE258A20DCD9D300CAC8D3 /* Products */ = {
			isa = PBXGroup;
			children = (
				8BFE258920DCD9D300CAC8D3 /* FacebookExapmple.app */,
			);
			name = Products;
			sourceTree = "<group>";
		};
		8BFE258B20DCD9D300CAC8D3 /* FacebookExapmple */ = {
			isa = PBXGroup;
			children = (
				8BF7872820DCF7EA00D3D489 /* Frameworks */,
				8BFE258C20DCD9D300CAC8D3 /* AppDelegate.h */,
				8BFE258D20DCD9D300CAC8D3 /* AppDelegate.m */,
				8BFE258F20DCD9D300CAC8D3 /* ViewController.h */,
				8BFE259020DCD9D300CAC8D3 /* ViewController.m */,
				8BFE259220DCD9D300CAC8D3 /* Main.storyboard */,
				8BFE259520DCD9D400CAC8D3 /* Assets.xcassets */,
				8BFE259720DCD9D400CAC8D3 /* LaunchScreen.storyboard */,
				8BFE259A20DCD9D400CAC8D3 /* Info.plist */,
				8BFE259B20DCD9D400CAC8D3 /* main.m */,
			);
			path = FacebookExapmple;
			sourceTree = "<group>";
		};
/* End PBXGroup section */

/* Begin PBXNativeTarget section */
		8BFE258820DCD9D300CAC8D3 /* FacebookExapmple */ = {
			isa = PBXNativeTarget;
			buildConfigurationList = 8BFE259F20DCD9D400CAC8D3 /* Build configuration list for PBXNativeTarget "FacebookExapmple" */;
			buildPhases = (
				8BFE258520DCD9D300CAC8D3 /* Sources */,
				8BFE258620DCD9D300CAC8D3 /* Frameworks */,
				8BFE258720DCD9D300CAC8D3 /* Resources */,
			);
			buildRules = (
			);
			dependencies = (
			);
			name = FacebookExapmple;
			productName = FacebookExapmple;
			productReference = 8BFE258920DCD9D300CAC8D3 /* FacebookExapmple.app */;
			productType = "com.apple.product-type.application";
		};
/* End PBXNativeTarget section */

/* Begin PBXProject section */
		8BFE258120DCD9D300CAC8D3 /* Project object */ = {
			isa = PBXProject;
			attributes = {
				LastUpgradeCheck = 0920;
				ORGANIZATIONNAME = "Nikola Popovic";
				TargetAttributes = {
					8BFE258820DCD9D300CAC8D3 = {
						CreatedOnToolsVersion = 9.2;
						ProvisioningStyle = Automatic;
					};
				};
			};
			buildConfigurationList = 8BFE258420DCD9D300CAC8D3 /* Build configuration list for PBXProject "FacebookExapmple" */;
			compatibilityVersion = "Xcode 8.0";
			developmentRegion = en;
			hasScannedForEncodings = 0;
			knownRegions = (
				en,
				Base,
			);
			mainGroup = 8BFE258020DCD9D300CAC8D3;
			productRefGroup = 8BFE258A20DCD9D300CAC8D3 /* Products */;
			projectDirPath = "";
			projectRoot = "";
			targets = (
				8BFE258820DCD9D300CAC8D3 /* FacebookExapmple */,
			);
		};
/* End PBXProject section */

/* Begin PBXResourcesBuildPhase section */
		8BFE258720DCD9D300CAC8D3 /* Resources */ = {
			isa = PBXResourcesBuildPhase;
			buildActionMask = 2147483647;
			files = (
				8BFE259920DCD9D400CAC8D3 /* LaunchScreen.storyboard in Resources */,
				8BFE259620DCD9D400CAC8D3 /* Assets.xcassets in Resources */,
				8BFE259420DCD9D300CAC8D3 /* Main.storyboard in Resources */,
			);
			runOnlyForDeploymentPostprocessing = 0;
		};
/* End PBXResourcesBuildPhase section */

/* Begin PBXSourcesBuildPhase section */
		8BFE258520DCD9D300CAC8D3 /* Sources */ = {
			isa = PBXSourcesBuildPhase;
			buildActionMask = 2147483647;
			files = (
				8BFE259120DCD9D300CAC8D3 /* ViewController.m in Sources */,
				8BFE259C20DCD9D400CAC8D3 /* main.m in Sources */,
				8BFE258E20DCD9D300CAC8D3 /* AppDelegate.m in Sources */,
			);
			runOnlyForDeploymentPostprocessing = 0;
		};
/* End PBXSourcesBuildPhase section */

/* Begin PBXVariantGroup section */
		8BFE259220DCD9D300CAC8D3 /* Main.storyboard */ = {
			isa = PBXVariantGroup;
			children = (
				8BFE259320DCD9D300CAC8D3 /* Base */,
			);
			name = Main.storyboard;
			sourceTree = "<group>";
		};
		8BFE259720DCD9D400CAC8D3 /* LaunchScreen.storyboard */ = {
			isa = PBXVariantGroup;
			children = (
				8BFE259820DCD9D400CAC8D3 /* Base */,
			);
			name = LaunchScreen.storyboard;
			sourceTree = "<group>";
		};
/* End PBXVariantGroup section */

/* Begin XCBuildConfiguration section */
		8BFE259D20DCD9D400CAC8D3 /* Debug */ = {
			isa = XCBuildConfiguration;
			buildSettings = {
				ALWAYS_SEARCH_USER_PATHS = NO;
				CLANG_ANALYZER_NONNULL = YES;
				CLANG_ANALYZER_NUMBER_OBJECT_CONVERSION = YES_AGGRESSIVE;
				CLANG_CXX_LANGUAGE_STANDARD = "gnu++14";
				CLANG_CXX_LIBRARY = "libc++";
				CLANG_ENABLE_MODULES = YES;
				CLANG_ENABLE_OBJC_ARC = YES;
				CLANG_WARN_BLOCK_CAPTURE_AUTORELEASING = YES;
				CLANG_WARN_BOOL_CONVERSION = YES;
				CLANG_WARN_COMMA = YES;
				CLANG_WARN_CONSTANT_CONVERSION = YES;
				CLANG_WARN_DIRECT_OBJC_ISA_USAGE = YES_ERROR;
				CLANG_WARN_DOCUMENTATION_COMMENTS = YES;
				CLANG_WARN_EMPTY_BODY = YES;
				CLANG_WARN_ENUM_CONVERSION = YES;
				CLANG_WARN_INFINITE_RECURSION = YES;
				CLANG_WARN_INT_CONVERSION = YES;
				CLANG_WARN_NON_LITERAL_NULL_CONVERSION = YES;
				CLANG_WARN_OBJC_LITERAL_CONVERSION = YES;
				CLANG_WARN_OBJC_ROOT_CLASS = YES_ERROR;
				CLANG_WARN_RANGE_LOOP_ANALYSIS = YES;
				CLANG_WARN_STRICT_PROTOTYPES = YES;
				CLANG_WARN_SUSPICIOUS_MOVE = YES;
				CLANG_WARN_UNGUARDED_AVAILABILITY = YES_AGGRESSIVE;
				CLANG_WARN_UNREACHABLE_CODE = YES;
				CLANG_WARN__DUPLICATE_METHOD_MATCH = YES;
				CODE_SIGN_IDENTITY = "iPhone Developer";
				COPY_PHASE_STRIP = NO;
				DEBUG_INFORMATION_FORMAT = dwarf;
				ENABLE_STRICT_OBJC_MSGSEND = YES;
				ENABLE_TESTABILITY = YES;
				GCC_C_LANGUAGE_STANDARD = gnu11;
				GCC_DYNAMIC_NO_PIC = NO;
				GCC_NO_COMMON_BLOCKS = YES;
				GCC_OPTIMIZATION_LEVEL = 0;
				GCC_PREPROCESSOR_DEFINITIONS = (
					"DEBUG=1",
					"$(inherited)",
				);
				GCC_WARN_64_TO_32_BIT_CONVERSION = YES;
				GCC_WARN_ABOUT_RETURN_TYPE = YES_ERROR;
				GCC_WARN_UNDECLARED_SELECTOR = YES;
				GCC_WARN_UNINITIALIZED_AUTOS = YES_AGGRESSIVE;
				GCC_WARN_UNUSED_FUNCTION = YES;
				GCC_WARN_UNUSED_VARIABLE = YES;
				IPHONEOS_DEPLOYMENT_TARGET = 11.2;
				MTL_ENABLE_DEBUG_INFO = YES;
				ONLY_ACTIVE_ARCH = YES;
				SDKROOT = iphoneos;
			};
			name = Debug;
		};
		8BFE259E20DCD9D400CAC8D3 /* Release */ = {
			isa = XCBuildConfiguration;
			buildSettings = {
				ALWAYS_SEARCH_USER_PATHS = NO;
				CLANG_ANALYZER_NONNULL = YES;
				CLANG_ANALYZER_NUMBER_OBJECT_CONVERSION = YES_AGGRESSIVE;
				CLANG_CXX_LANGUAGE_STANDARD = "gnu++14";
				CLANG_CXX_LIBRARY = "libc++";
				CLANG_ENABLE_MODULES = YES;
				CLANG_ENABLE_OBJC_ARC = YES;
				CLANG_WARN_BLOCK_CAPTURE_AUTORELEASING = YES;
				CLANG_WARN_BOOL_CONVERSION = YES;
				CLANG_WARN_COMMA = YES;
				CLANG_WARN_CONSTANT_CONVERSION = YES;
				CLANG_WARN_DIRECT_OBJC_ISA_USAGE = YES_ERROR;
				CLANG_WARN_DOCUMENTATION_COMMENTS = YES;
				CLANG_WARN_EMPTY_BODY = YES;
				CLANG_WARN_ENUM_CONVERSION = YES;
				CLANG_WARN_INFINITE_RECURSION = YES;
				CLANG_WARN_INT_CONVERSION = YES;
				CLANG_WARN_NON_LITERAL_NULL_CONVERSION = YES;
				CLANG_WARN_OBJC_LITERAL_CONVERSION = YES;
				CLANG_WARN_OBJC_ROOT_CLASS = YES_ERROR;
				CLANG_WARN_RANGE_LOOP_ANALYSIS = YES;
				CLANG_WARN_STRICT_PROTOTYPES = YES;
				CLANG_WARN_SUSPICIOUS_MOVE = YES;
				CLANG_WARN_UNGUARDED_AVAILABILITY = YES_AGGRESSIVE;
				CLANG_WARN_UNREACHABLE_CODE = YES;
				CLANG_WARN__DUPLICATE_METHOD_MATCH = YES;
				CODE_SIGN_IDENTITY = "iPhone Developer";
				COPY_PHASE_STRIP = NO;
				DEBUG_INFORMATION_FORMAT = "dwarf-with-dsym";
				ENABLE_NS_ASSERTIONS = NO;
				ENABLE_STRICT_OBJC_MSGSEND = YES;
				GCC_C_LANGUAGE_STANDARD = gnu11;
				GCC_NO_COMMON_BLOCKS = YES;
				GCC_WARN_64_TO_32_BIT_CONVERSION = YES;
				GCC_WARN_ABOUT_RETURN_TYPE = YES_ERROR;
				GCC_WARN_UNDECLARED_SELECTOR = YES;
				GCC_WARN_UNINITIALIZED_AUTOS = YES_AGGRESSIVE;
				GCC_WARN_UNUSED_FUNCTION = YES;
				GCC_WARN_UNUSED_VARIABLE = YES;
				IPHONEOS_DEPLOYMENT_TARGET = 11.2;
				MTL_ENABLE_DEBUG_INFO = NO;
				SDKROOT = iphoneos;
				VALIDATE_PRODUCT = YES;
			};
			name = Release;
		};
		8BFE25A020DCD9D400CAC8D3 /* Debug */ = {
			isa = XCBuildConfiguration;
			buildSettings = {
				ASSETCATALOG_COMPILER_APPICON_NAME = AppIcon;
				CODE_SIGN_STYLE = Automatic;
				DEVELOPMENT_TEAM = 44E7YEX743;
				FRAMEWORK_SEARCH_PATHS = (
					"$(inherited)",
					"$(PROJECT_DIR)/FacebookExapmple/New\\ Group",
					"$(PROJECT_DIR)/FacebookExapmple/New\\ Group",
					"$(PROJECT_DIR)/FacebookExapmple/New\\ Group",
					"$(PROJECT_DIR)/FacebookExapmple/Frameworks",
				);
				INFOPLIST_FILE = FacebookExapmple/Info.plist;
				LD_RUNPATH_SEARCH_PATHS = "$(inherited) @executable_path/Frameworks";
				PRODUCT_BUNDLE_IDENTIFIER = Nikola.FSDK;
				PRODUCT_NAME = "$(TARGET_NAME)";
				TARGETED_DEVICE_FAMILY = "1,2";
			};
			name = Debug;
		};
		8BFE25A120DCD9D400CAC8D3 /* Release */ = {
			isa = XCBuildConfiguration;
			buildSettings = {
				ASSETCATALOG_COMPILER_APPICON_NAME = AppIcon;
				CODE_SIGN_STYLE = Automatic;
				DEVELOPMENT_TEAM = 44E7YEX743;
				FRAMEWORK_SEARCH_PATHS = (
					"$(inherited)",
					"$(PROJECT_DIR)/FacebookExapmple/New\\ Group",
					"$(PROJECT_DIR)/FacebookExapmple/New\\ Group",
					"$(PROJECT_DIR)/FacebookExapmple/New\\ Group",
					"$(PROJECT_DIR)/FacebookExapmple/Frameworks",
				);
				INFOPLIST_FILE = FacebookExapmple/Info.plist;
				LD_RUNPATH_SEARCH_PATHS = "$(inherited) @executable_path/Frameworks";
				PRODUCT_BUNDLE_IDENTIFIER = Nikola.FSDK;
				PRODUCT_NAME = "$(TARGET_NAME)";
				TARGETED_DEVICE_FAMILY = "1,2";
			};
			name = Release;
		};
/* End XCBuildConfiguration section */

/* Begin XCConfigurationList section */
		8BFE258420DCD9D300CAC8D3 /* Build configuration list for PBXProject "FacebookExapmple" */ = {
			isa = XCConfigurationList;
			buildConfigurations = (
				8BFE259D20DCD9D400CAC8D3 /* Debug */,
				8BFE259E20DCD9D400CAC8D3 /* Release */,
			);
			defaultConfigurationIsVisible = 0;
			defaultConfigurationName = Release;
		};
		8BFE259F20DCD9D400CAC8D3 /* Build configuration list for PBXNativeTarget "FacebookExapmple" */ = {
			isa = XCConfigurationList;
			buildConfigurations = (
				8BFE25A020DCD9D400CAC8D3 /* Debug */,
				8BFE25A120DCD9D400CAC8D3 /* Release */,
			);
			defaultConfigurationIsVisible = 0;
			defaultConfigurationName = Release;
		};
/* End XCConfigurationList section */
	};
	rootObject = 8BFE258120DCD9D300CAC8D3 /* Project object */;
}
